
Microsoft Visual Studio Solution File, Format Version 12.00
# Visual Studio Version 16
VisualStudioVersion = 16.0.30225.117
MinimumVisualStudioVersion = 10.0.40219.1
Project("{FAE04EC0-301F-11D3-BF4B-00C04F79EFBC}") = "Geo", "Geo.csproj", "{413EE092-5CDC-44EA-A9B4-CF9B93FFE26C}"
EndProject
Project("{FAE04EC0-301F-11D3-BF4B-00C04F79EFBC}") = "GeoTest", "..\GeoTest\GeoTest.csproj", "{8CC2B7A7-CFA6-4B50-B512-441B234B634B}"
EndProject
Global
	GlobalSection(SolutionConfigurationPlatforms) = preSolution
		Debug|Any CPU = Debug|Any CPU
		Release|Any CPU = Release|Any CPU
	EndGlobalSection
	GlobalSection(ProjectConfigurationPlatforms) = postSolution
		{413EE092-5CDC-44EA-A9B4-CF9B93FFE26C}.Debug|Any CPU.ActiveCfg = Debug|Any CPU
		{413EE092-5CDC-44EA-A9B4-CF9B93FFE26C}.Debug|Any CPU.Build.0 = Debug|Any CPU
		{413EE092-5CDC-44EA-A9B4-CF9B93FFE26C}.Release|Any CPU.ActiveCfg = Release|Any CPU
		{413EE092-5CDC-44EA-A9B4-CF9B93FFE26C}.Release|Any CPU.Build.0 = Release|Any CPU
		{8CC2B7A7-CFA6-4B50-B512-441B234B634B}.Debug|Any CPU.ActiveCfg = Debug|Any CPU
		{8CC2B7A7-CFA6-4B50-B512-441B234B634B}.Debug|Any CPU.Build.0 = Debug|Any CPU
		{8CC2B7A7-CFA6-4B50-B512-441B234B634B}.Release|Any CPU.ActiveCfg = Release|Any CPU
		{8CC2B7A7-CFA6-4B50-B512-441B234B634B}.Release|Any CPU.Build.0 = Release|Any CPU
	EndGlobalSection
	GlobalSection(SolutionProperties) = preSolution
		HideSolutionNode = FALSE
	EndGlobalSection
	GlobalSection(ExtensibilityGlobals) = postSolution
		SolutionGuid = {5778B099-4C92-4AAC-996C-DB36C6C2ED72}
	EndGlobalSection
EndGlobal
